github.com/golang/arch v0.0.0-20190927153633-4e8777c89be4 h1:MPm7H94GO7GK8xBHLK/pKpuDZcO6DxPd9WOa9zNMX78=
github.com/golang/arch v0.0.0-20190927153633-4e8777c89be4/go.mod h1:flIaEI6LNU6xOCD5PaJvn9wGP0agmIOqjrtsKGRguv4=
github.com/golang/sys v0.0.0-20191026070338-33540a1f6037 h1:Rp0Q8jDgLqfiM7P4gKhr+B+YJoMZb/5NcfaasR3CGe4=
github.com/golang/sys v0.0.0-20191026070338-33540a1f6037/go.mod h1:h1NjWce9XRLGQEsW7wpKNCjG9DtNlClVuFLEZdDNbEs=
rsc.io/pdf v0.1.1/go.mod h1:n8OzWcQ6Sp37PL01nO98y4iUCRdTGarVfzxY20ICaU4=
